
Microsoft Visual Studio Solution File, Format Version 12.00
# Visual Studio 2013
VisualStudioVersion = 12.0.20623.1 VSUPREVIEW
MinimumVisualStudioVersion = 10.0.40219.1
Project("{2150E333-8FDC-42A3-9474-1A3956D46DE8}") = ".nuget", ".nuget", "{16314413-C2D4-4190-9C16-2C36B065CE93}"
	ProjectSection(SolutionItems) = preProject
		.nuget\NuGet.Config = .nuget\NuGet.Config
		.nuget\NuGet.exe = .nuget\NuGet.exe
		.nuget\NuGet.targets = .nuget\NuGet.targets
	EndProjectSection
EndProject
Project("{FAE04EC0-301F-11D3-BF4B-00C04F79EFBC}") = "UserGroup.Web", "UserGroup.Web\UserGroup.Web.csproj", "{553B4C61-6E42-4524-A76E-A80938E3C84C}"
EndProject
Project("{FAE04EC0-301F-11D3-BF4B-00C04F79EFBC}") = "UserGroup.Core", "UserGroup.Core\UserGroup.Core.csproj", "{471EF252-A8E7-4275-868C-938B42010B98}"
EndProject
Project("{FAE04EC0-301F-11D3-BF4B-00C04F79EFBC}") = "UserGroup.Data", "UserGroup.Data\UserGroup.Data.csproj", "{DBAF22F8-2950-4213-895D-5688B369C612}"
EndProject
Project("{FAE04EC0-301F-11D3-BF4B-00C04F79EFBC}") = "UserGroup.Web.Specs", "UserGroup.Web.Specs\UserGroup.Web.Specs.csproj", "{7BA0729B-8156-47EB-8CF7-3259F95AAD70}"
EndProject
Project("{FAE04EC0-301F-11D3-BF4B-00C04F79EFBC}") = "UserGroup.Api", "UserGroup.Api\UserGroup.Api.csproj", "{663981A5-2763-4F7F-BA3F-B00F0535631F}"
EndProject
Project("{FAE04EC0-301F-11D3-BF4B-00C04F79EFBC}") = "UserGroup.Core.Specs", "UserGroup.Core.Specs\UserGroup.Core.Specs.csproj", "{120F156B-6C4C-40C1-9D31-C3022541855A}"
EndProject
Project("{FAE04EC0-301F-11D3-BF4B-00C04F79EFBC}") = "UserGroup.Api.Specs", "UserGroup.Api.Specs\UserGroup.Api.Specs.csproj", "{3CD6021E-A7BF-4443-BB9C-F2FDEB45EB56}"
EndProject
Global
	GlobalSection(SolutionConfigurationPlatforms) = preSolution
		Debug|Any CPU = Debug|Any CPU
		Debug|Mixed Platforms = Debug|Mixed Platforms
		Debug|x86 = Debug|x86
		Release|Any CPU = Release|Any CPU
		Release|Mixed Platforms = Release|Mixed Platforms
		Release|x86 = Release|x86
	EndGlobalSection
	GlobalSection(ProjectConfigurationPlatforms) = postSolution
		{553B4C61-6E42-4524-A76E-A80938E3C84C}.Debug|Any CPU.ActiveCfg = Debug|Any CPU
		{553B4C61-6E42-4524-A76E-A80938E3C84C}.Debug|Any CPU.Build.0 = Debug|Any CPU
		{553B4C61-6E42-4524-A76E-A80938E3C84C}.Debug|Mixed Platforms.ActiveCfg = Debug|Any CPU
		{553B4C61-6E42-4524-A76E-A80938E3C84C}.Debug|Mixed Platforms.Build.0 = Debug|Any CPU
		{553B4C61-6E42-4524-A76E-A80938E3C84C}.Debug|x86.ActiveCfg = Debug|Any CPU
		{553B4C61-6E42-4524-A76E-A80938E3C84C}.Release|Any CPU.ActiveCfg = Release|Any CPU
		{553B4C61-6E42-4524-A76E-A80938E3C84C}.Release|Any CPU.Build.0 = Release|Any CPU
		{553B4C61-6E42-4524-A76E-A80938E3C84C}.Release|Mixed Platforms.ActiveCfg = Release|Any CPU
		{553B4C61-6E42-4524-A76E-A80938E3C84C}.Release|Mixed Platforms.Build.0 = Release|Any CPU
		{553B4C61-6E42-4524-A76E-A80938E3C84C}.Release|x86.ActiveCfg = Release|Any CPU
		{471EF252-A8E7-4275-868C-938B42010B98}.Debug|Any CPU.ActiveCfg = Debug|Any CPU
		{471EF252-A8E7-4275-868C-938B42010B98}.Debug|Any CPU.Build.0 = Debug|Any CPU
		{471EF252-A8E7-4275-868C-938B42010B98}.Debug|Mixed Platforms.ActiveCfg = Debug|Any CPU
		{471EF252-A8E7-4275-868C-938B42010B98}.Debug|Mixed Platforms.Build.0 = Debug|Any CPU
		{471EF252-A8E7-4275-868C-938B42010B98}.Debug|x86.ActiveCfg = Debug|Any CPU
		{471EF252-A8E7-4275-868C-938B42010B98}.Release|Any CPU.ActiveCfg = Release|Any CPU
		{471EF252-A8E7-4275-868C-938B42010B98}.Release|Any CPU.Build.0 = Release|Any CPU
		{471EF252-A8E7-4275-868C-938B42010B98}.Release|Mixed Platforms.ActiveCfg = Release|Any CPU
		{471EF252-A8E7-4275-868C-938B42010B98}.Release|Mixed Platforms.Build.0 = Release|Any CPU
		{471EF252-A8E7-4275-868C-938B42010B98}.Release|x86.ActiveCfg = Release|Any CPU
		{DBAF22F8-2950-4213-895D-5688B369C612}.Debug|Any CPU.ActiveCfg = Debug|Any CPU
		{DBAF22F8-2950-4213-895D-5688B369C612}.Debug|Any CPU.Build.0 = Debug|Any CPU
		{DBAF22F8-2950-4213-895D-5688B369C612}.Debug|Mixed Platforms.ActiveCfg = Debug|Any CPU
		{DBAF22F8-2950-4213-895D-5688B369C612}.Debug|Mixed Platforms.Build.0 = Debug|Any CPU
		{DBAF22F8-2950-4213-895D-5688B369C612}.Debug|x86.ActiveCfg = Debug|Any CPU
		{DBAF22F8-2950-4213-895D-5688B369C612}.Release|Any CPU.ActiveCfg = Release|Any CPU
		{DBAF22F8-2950-4213-895D-5688B369C612}.Release|Any CPU.Build.0 = Release|Any CPU
		{DBAF22F8-2950-4213-895D-5688B369C612}.Release|Mixed Platforms.ActiveCfg = Release|Any CPU
		{DBAF22F8-2950-4213-895D-5688B369C612}.Release|Mixed Platforms.Build.0 = Release|Any CPU
		{DBAF22F8-2950-4213-895D-5688B369C612}.Release|x86.ActiveCfg = Release|Any CPU
		{7BA0729B-8156-47EB-8CF7-3259F95AAD70}.Debug|Any CPU.ActiveCfg = Debug|Any CPU
		{7BA0729B-8156-47EB-8CF7-3259F95AAD70}.Debug|Any CPU.Build.0 = Debug|Any CPU
		{7BA0729B-8156-47EB-8CF7-3259F95AAD70}.Debug|Mixed Platforms.ActiveCfg = Debug|Any CPU
		{7BA0729B-8156-47EB-8CF7-3259F95AAD70}.Debug|Mixed Platforms.Build.0 = Debug|Any CPU
		{7BA0729B-8156-47EB-8CF7-3259F95AAD70}.Debug|x86.ActiveCfg = Debug|Any CPU
		{7BA0729B-8156-47EB-8CF7-3259F95AAD70}.Release|Any CPU.ActiveCfg = Release|Any CPU
		{7BA0729B-8156-47EB-8CF7-3259F95AAD70}.Release|Any CPU.Build.0 = Release|Any CPU
		{7BA0729B-8156-47EB-8CF7-3259F95AAD70}.Release|Mixed Platforms.ActiveCfg = Release|Any CPU
		{7BA0729B-8156-47EB-8CF7-3259F95AAD70}.Release|Mixed Platforms.Build.0 = Release|Any CPU
		{7BA0729B-8156-47EB-8CF7-3259F95AAD70}.Release|x86.ActiveCfg = Release|Any CPU
		{663981A5-2763-4F7F-BA3F-B00F0535631F}.Debug|Any CPU.ActiveCfg = Debug|Any CPU
		{663981A5-2763-4F7F-BA3F-B00F0535631F}.Debug|Any CPU.Build.0 = Debug|Any CPU
		{663981A5-2763-4F7F-BA3F-B00F0535631F}.Debug|Mixed Platforms.ActiveCfg = Debug|Any CPU
		{663981A5-2763-4F7F-BA3F-B00F0535631F}.Debug|Mixed Platforms.Build.0 = Debug|Any CPU
		{663981A5-2763-4F7F-BA3F-B00F0535631F}.Debug|x86.ActiveCfg = Debug|Any CPU
		{663981A5-2763-4F7F-BA3F-B00F0535631F}.Release|Any CPU.ActiveCfg = Release|Any CPU
		{663981A5-2763-4F7F-BA3F-B00F0535631F}.Release|Any CPU.Build.0 = Release|Any CPU
		{663981A5-2763-4F7F-BA3F-B00F0535631F}.Release|Mixed Platforms.ActiveCfg = Release|Any CPU
		{663981A5-2763-4F7F-BA3F-B00F0535631F}.Release|Mixed Platforms.Build.0 = Release|Any CPU
		{663981A5-2763-4F7F-BA3F-B00F0535631F}.Release|x86.ActiveCfg = Release|Any CPU
		{120F156B-6C4C-40C1-9D31-C3022541855A}.Debug|Any CPU.ActiveCfg = Debug|Any CPU
		{120F156B-6C4C-40C1-9D31-C3022541855A}.Debug|Any CPU.Build.0 = Debug|Any CPU
		{120F156B-6C4C-40C1-9D31-C3022541855A}.Debug|Mixed Platforms.ActiveCfg = Debug|Any CPU
		{120F156B-6C4C-40C1-9D31-C3022541855A}.Debug|Mixed Platforms.Build.0 = Debug|Any CPU
		{120F156B-6C4C-40C1-9D31-C3022541855A}.Debug|x86.ActiveCfg = Debug|Any CPU
		{120F156B-6C4C-40C1-9D31-C3022541855A}.Release|Any CPU.ActiveCfg = Release|Any CPU
		{120F156B-6C4C-40C1-9D31-C3022541855A}.Release|Any CPU.Build.0 = Release|Any CPU
		{120F156B-6C4C-40C1-9D31-C3022541855A}.Release|Mixed Platforms.ActiveCfg = Release|Any CPU
		{120F156B-6C4C-40C1-9D31-C3022541855A}.Release|Mixed Platforms.Build.0 = Release|Any CPU
		{120F156B-6C4C-40C1-9D31-C3022541855A}.Release|x86.ActiveCfg = Release|Any CPU
		{3CD6021E-A7BF-4443-BB9C-F2FDEB45EB56}.Debug|Any CPU.ActiveCfg = Debug|Any CPU
		{3CD6021E-A7BF-4443-BB9C-F2FDEB45EB56}.Debug|Any CPU.Build.0 = Debug|Any CPU
		{3CD6021E-A7BF-4443-BB9C-F2FDEB45EB56}.Debug|Mixed Platforms.ActiveCfg = Debug|Any CPU
		{3CD6021E-A7BF-4443-BB9C-F2FDEB45EB56}.Debug|Mixed Platforms.Build.0 = Debug|Any CPU
		{3CD6021E-A7BF-4443-BB9C-F2FDEB45EB56}.Debug|x86.ActiveCfg = Debug|Any CPU
		{3CD6021E-A7BF-4443-BB9C-F2FDEB45EB56}.Release|Any CPU.ActiveCfg = Release|Any CPU
		{3CD6021E-A7BF-4443-BB9C-F2FDEB45EB56}.Release|Any CPU.Build.0 = Release|Any CPU
		{3CD6021E-A7BF-4443-BB9C-F2FDEB45EB56}.Release|Mixed Platforms.ActiveCfg = Release|Any CPU
		{3CD6021E-A7BF-4443-BB9C-F2FDEB45EB56}.Release|Mixed Platforms.Build.0 = Release|Any CPU
		{3CD6021E-A7BF-4443-BB9C-F2FDEB45EB56}.Release|x86.ActiveCfg = Release|Any CPU
	EndGlobalSection
	GlobalSection(SolutionProperties) = preSolution
		HideSolutionNode = FALSE
	EndGlobalSection
EndGlobal
